{
  "pins" : [
    {
      "identity" : "combinecorebluetooth",
      "kind" : "remoteSourceControl",
      "location" : "https://github.com/StarryInternet/CombineCoreBluetooth",
      "state" : {
        "revision" : "0a055fa066f190596d9983ad982f8d640f560382",
        "version" : "0.6.0"
      }
    }
  ],
  "version" : 2
}
